{
    "_readme": [
        "This file locks the dependencies of your project to a known state",
        "Read more about it at https://getcomposer.org/doc/01-basic-usage.md#installing-dependencies",
        "This file is @generated automatically"
    ],
    "content-hash": "5a9b3d75e234b6e0e07aab7c6ab9df50",
    "packages": [
        {
            "name": "imagine/imagine",
            "version": "1.2.3",
            "source": {
                "type": "git",
                "url": "https://github.com/avalanche123/Imagine.git",
                "reference": "cb2361e5bb4410b681462d8e4f912bc5dabf84ab"
            },
            "dist": {
                "type": "zip",
                "url": "https://api.github.com/repos/avalanche123/Imagine/zipball/cb2361e5bb4410b681462d8e4f912bc5dabf84ab",
                "reference": "cb2361e5bb4410b681462d8e4f912bc5dabf84ab",
                "shasum": ""
            },
            "require": {
                "php": ">=5.3.2"
            },
            "require-dev": {
                "friendsofphp/php-cs-fixer": "2.2.*",
                "phpunit/phpunit": "^4.8 || ^5.7 || ^6.5 || ^7.5 || ^8.4"
            },
            "suggest": {
                "ext-gd": "to use the GD implementation",
                "ext-gmagick": "to use the Gmagick implementation",
                "ext-imagick": "to use the Imagick implementation"
            },
            "type": "library",
            "extra": {
                "branch-alias": {
                    "dev-develop": "0.7-dev"
                }
            },
            "autoload": {
                "psr-4": {
                    "Imagine\\": "src/"
                }
            },
            "notification-url": "https://packagist.org/downloads/",
            "license": [
                "MIT"
            ],
            "authors": [
                {
                    "name": "Bulat Shakirzyanov",
                    "email": "mallluhuct@gmail.com",
                    "homepage": "http://avalanche123.com"
                }
            ],
            "description": "Image processing for PHP 5.3",
            "homepage": "http://imagine.readthedocs.org/",
            "keywords": [
                "drawing",
                "graphics",
                "image manipulation",
                "image processing"
            ],
            "time": "2019-12-04T09:55:33+00:00"
        },
        {
            "name": "moovfun/xo-db",
            "version": "v3.0",
            "source": {
                "type": "git",
                "url": "https://github.com/MoovFun/Xo-Db.git",
                "reference": "1b0f408a63aad0d5d4db8675a28f89f35cb6c960"
            },
            "dist": {
                "type": "zip",
                "url": "https://api.github.com/repos/MoovFun/Xo-Db/zipball/1b0f408a63aad0d5d4db8675a28f89f35cb6c960",
                "reference": "1b0f408a63aad0d5d4db8675a28f89f35cb6c960",
                "shasum": ""
            },
            "require": {
                "ext-mbstring": "*",
                "ext-pdo": "*",
                "php": ">=7.3"
            },
            "type": "library",
            "autoload": {
                "psr-4": {
                    "Xo\\Db\\": "src/"
                }
            },
            "notification-url": "https://packagist.org/downloads/",
            "license": [
                "MIT"
            ],
            "authors": [
                {
                    "name": "MoovFun",
                    "email": "moovspace@gmail.com"
                }
            ],
            "description": "Php pdo mysql library.",
            "time": "2020-09-06T15:07:04+00:00"
        },
        {
            "name": "moovfun/xo-img",
            "version": "v1.2",
            "source": {
                "type": "git",
                "url": "https://github.com/MoovFun/Xo-Img.git",
                "reference": "f62eaaa7a7a5efbc848d3cb6b6b2c065e3c4af1b"
            },
            "dist": {
                "type": "zip",
                "url": "https://api.github.com/repos/MoovFun/Xo-Img/zipball/f62eaaa7a7a5efbc848d3cb6b6b2c065e3c4af1b",
                "reference": "f62eaaa7a7a5efbc848d3cb6b6b2c065e3c4af1b",
                "shasum": ""
            },
            "require": {
                "ext-gd": "*",
                "ext-imagick": "*",
                "imagine/imagine": ">=1.2.3",
                "php": ">=7.3"
            },
            "type": "library",
            "autoload": {
                "psr-4": {
                    "Xo\\Img\\": "src/"
                }
            },
            "notification-url": "https://packagist.org/downloads/",
            "license": [
                "MIT"
            ],
            "authors": [
                {
                    "name": "MoovFun",
                    "email": "moovspace@gmail.com"
                }
            ],
            "description": "Resize, crop, show image in php.",
            "time": "2020-08-25T13:29:38+00:00"
        },
        {
            "name": "moovfun/xo-mail",
            "version": "v3.0",
            "source": {
                "type": "git",
                "url": "https://github.com/MoovFun/Xo-Mail.git",
                "reference": "0cdb882cd6f88fb6954a9bdd6f5921a696f6e0d0"
            },
            "dist": {
                "type": "zip",
                "url": "https://api.github.com/repos/MoovFun/Xo-Mail/zipball/0cdb882cd6f88fb6954a9bdd6f5921a696f6e0d0",
                "reference": "0cdb882cd6f88fb6954a9bdd6f5921a696f6e0d0",
                "shasum": ""
            },
            "require": {
                "ext-mbstring": "*",
                "ext-xml": "*",
                "php": ">=7.3",
                "phpmailer/phpmailer": ">=6.1"
            },
            "type": "library",
            "autoload": {
                "psr-4": {
                    "Xo\\Mail\\": "src/"
                }
            },
            "notification-url": "https://packagist.org/downloads/",
            "license": [
                "MIT"
            ],
            "authors": [
                {
                    "name": "MoovFun",
                    "email": "moovspace@gmail.com"
                }
            ],
            "description": "Php email client.",
            "time": "2020-09-20T11:23:14+00:00"
        },
        {
            "name": "moovfun/xo-route",
            "version": "v3.0",
            "source": {
                "type": "git",
                "url": "https://github.com/MoovFun/Xo-Route.git",
                "reference": "c1a5475cce1401b2fc9a435fabff78416473a077"
            },
            "dist": {
                "type": "zip",
                "url": "https://api.github.com/repos/MoovFun/Xo-Route/zipball/c1a5475cce1401b2fc9a435fabff78416473a077",
                "reference": "c1a5475cce1401b2fc9a435fabff78416473a077",
                "shasum": ""
            },
            "require": {
                "ext-mbstring": "*",
                "php": ">=7.3"
            },
            "type": "library",
            "autoload": {
                "psr-4": {
                    "Xo\\Route\\": "src/"
                }
            },
            "notification-url": "https://packagist.org/downloads/",
            "license": [
                "MIT"
            ],
            "authors": [
                {
                    "name": "MoovFun",
                    "email": "moovspace@gmail.com"
                }
            ],
            "description": "Php router class.",
            "time": "2020-09-07T12:35:05+00:00"
        },
        {
            "name": "moovfun/xo-user",
            "version": "v3.0",
            "source": {
                "type": "git",
                "url": "https://github.com/MoovFun/Xo-User.git",
                "reference": "11af77fe606bcde86f5e051f44dd5fa0ada5c102"
            },
            "dist": {
                "type": "zip",
                "url": "https://api.github.com/repos/MoovFun/Xo-User/zipball/11af77fe606bcde86f5e051f44dd5fa0ada5c102",
                "reference": "11af77fe606bcde86f5e051f44dd5fa0ada5c102",
                "shasum": ""
            },
            "require": {
                "ext-pdo": "*",
                "moovfun/xo-db": "^3.0",
                "php": ">=7.4"
            },
            "type": "library",
            "autoload": {
                "psr-4": {
                    "Xo\\User\\": "src/"
                }
            },
            "license": [
                "MIT"
            ],
            "authors": [
                {
                    "name": "MoovFun",
                    "email": "moovspace@gmail.com"
                }
            ],
            "description": "Php token authentication and authorization.",
            "support": {
                "source": "https://github.com/MoovFun/Xo-User/tree/v3.0",
                "issues": "https://github.com/MoovFun/Xo-User/issues"
            },
            "time": "2020-09-08T08:56:19+00:00"
        },
        {
            "name": "phpmailer/phpmailer",
            "version": "v6.1.8",
            "source": {
                "type": "git",
                "url": "https://github.com/PHPMailer/PHPMailer.git",
                "reference": "917ab212fa00dc6eacbb26e8bc387ebe40993bc1"
            },
            "dist": {
                "type": "zip",
                "url": "https://api.github.com/repos/PHPMailer/PHPMailer/zipball/917ab212fa00dc6eacbb26e8bc387ebe40993bc1",
                "reference": "917ab212fa00dc6eacbb26e8bc387ebe40993bc1",
                "shasum": ""
            },
            "require": {
                "ext-ctype": "*",
                "ext-filter": "*",
                "ext-hash": "*",
                "php": ">=5.5.0"
            },
            "require-dev": {
                "doctrine/annotations": "^1.2",
                "friendsofphp/php-cs-fixer": "^2.2",
                "phpunit/phpunit": "^4.8 || ^5.7"
            },
            "suggest": {
                "ext-mbstring": "Needed to send email in multibyte encoding charset",
                "hayageek/oauth2-yahoo": "Needed for Yahoo XOAUTH2 authentication",
                "league/oauth2-google": "Needed for Google XOAUTH2 authentication",
                "psr/log": "For optional PSR-3 debug logging",
                "stevenmaguire/oauth2-microsoft": "Needed for Microsoft XOAUTH2 authentication",
                "symfony/polyfill-mbstring": "To support UTF-8 if the Mbstring PHP extension is not enabled (^1.2)"
            },
            "type": "library",
            "autoload": {
                "psr-4": {
                    "PHPMailer\\PHPMailer\\": "src/"
                }
            },
            "notification-url": "https://packagist.org/downloads/",
            "license": [
                "LGPL-2.1-only"
            ],
            "authors": [
                {
                    "name": "Marcus Bointon",
                    "email": "phpmailer@synchromedia.co.uk"
                },
                {
                    "name": "Jim Jagielski",
                    "email": "jimjag@gmail.com"
                },
                {
                    "name": "Andy Prevost",
                    "email": "codeworxtech@users.sourceforge.net"
                },
                {
                    "name": "Brent R. Matzelle"
                }
            ],
            "description": "PHPMailer is a full-featured email creation and transfer class for PHP",
            "funding": [
                {
                    "url": "https://github.com/synchro",
                    "type": "github"
                }
            ],
            "time": "2020-10-09T14:55:58+00:00"
        }
    ],
    "packages-dev": [],
    "aliases": [],
    "minimum-stability": "stable",
    "stability-flags": [],
    "prefer-stable": true,
    "prefer-lowest": false,
    "platform": {
        "php": "^7.4"
    },
    "platform-dev": [],
    "plugin-api-version": "1.1.0"
}
